<?xml version="1.0" encoding="utf-8"?>
<Project ToolsVersion="4.0" xmlns="http://schemas.microsoft.com/developer/msbuild/2003">
  <ItemGroup>
    <Filter Include="소스 파일">
      <UniqueIdentifier>{4FC737F1-C7A5-4376-A066-2A32D752A2FF}</UniqueIdentifier>
      <Extensions>cpp;c;cc;cxx;c++;cppm;ixx;def;odl;idl;hpj;bat;asm;asmx</Extensions>
    </Filter>
    <Filter Include="헤더 파일">
      <UniqueIdentifier>{93995380-89BD-4b04-88EB-625FBE52EBFB}</UniqueIdentifier>
      <Extensions>h;hh;hpp;hxx;h++;hm;inl;inc;ipp;xsd</Extensions>
    </Filter>
    <Filter Include="리소스 파일">
      <UniqueIdentifier>{67DA6AB6-F800-4c08-8B7A-83BB121AAD01}</UniqueIdentifier>
      <Extensions>rc;ico;cur;bmp;dlg;rc2;rct;bin;rgs;gif;jpg;jpeg;jpe;resx;tiff;tif;png;wav;mfcribbon-ms</Extensions>
    </Filter>
  </ItemGroup>
  <ItemGroup>
    <ClCompile Include="10718.cpp">
      <Filter>소스 파일</Filter>
    </ClCompile>
    <ClCompile Include="2742.cpp">
      <Filter>소스 파일</Filter>
    </ClCompile>
    <ClCompile Include="2440.cpp">
      <Filter>소스 파일</Filter>
    </ClCompile>
    <ClCompile Include="2441.cpp">
      <Filter>소스 파일</Filter>
    </ClCompile>
    <ClCompile Include="2557.cpp">
      <Filter>소스 파일</Filter>
    </ClCompile>
    <ClCompile Include="11382.cpp">
      <Filter>소스 파일</Filter>
    </ClCompile>
    <ClCompile Include="happy_birthday.cpp">
      <Filter>소스 파일</Filter>
    </ClCompile>
    <ClCompile Include="2446.cpp">
      <Filter>소스 파일</Filter>
    </ClCompile>
    <ClCompile Include="2490.cpp">
      <Filter>소스 파일</Filter>
    </ClCompile>
    <ClCompile Include="2420.cpp">
      <Filter>소스 파일</Filter>
    </ClCompile>
    <ClCompile Include="10214.cpp">
      <Filter>소스 파일</Filter>
    </ClCompile>
    <ClCompile Include="11721.cpp">
      <Filter>소스 파일</Filter>
    </ClCompile>
    <ClCompile Include="4690.cpp">
      <Filter>소스 파일</Filter>
    </ClCompile>
    <ClCompile Include="9316.cpp">
      <Filter>소스 파일</Filter>
    </ClCompile>
    <ClCompile Include="2523.cpp">
      <Filter>소스 파일</Filter>
    </ClCompile>
    <ClCompile Include="11942.cpp">
      <Filter>소스 파일</Filter>
    </ClCompile>
    <ClCompile Include="10189.cpp">
      <Filter>소스 파일</Filter>
    </ClCompile>
    <ClCompile Include="2083.cpp">
      <Filter>소스 파일</Filter>
    </ClCompile>
    <ClCompile Include="3046.cpp">
      <Filter>소스 파일</Filter>
    </ClCompile>
    <ClCompile Include="2752.cpp">
      <Filter>소스 파일</Filter>
    </ClCompile>
    <ClCompile Include="28701.cpp">
      <Filter>소스 파일</Filter>
    </ClCompile>
    <ClCompile Include="13752.cpp">
      <Filter>소스 파일</Filter>
    </ClCompile>
    <ClCompile Include="2455.cpp">
      <Filter>소스 파일</Filter>
    </ClCompile>
    <ClCompile Include="10995.cpp">
      <Filter>소스 파일</Filter>
    </ClCompile>
    <ClCompile Include="2445.cpp">
      <Filter>소스 파일</Filter>
    </ClCompile>
    <ClCompile Include="23794.cpp">
      <Filter>소스 파일</Filter>
    </ClCompile>
    <ClCompile Include="4493.cpp">
      <Filter>소스 파일</Filter>
    </ClCompile>
    <ClCompile Include="9295.cpp">
      <Filter>소스 파일</Filter>
    </ClCompile>
    <ClCompile Include="14489.cpp">
      <Filter>소스 파일</Filter>
    </ClCompile>
    <ClCompile Include="29729.cpp">
      <Filter>소스 파일</Filter>
    </ClCompile>
    <ClCompile Include="7287.cpp">
      <Filter>소스 파일</Filter>
    </ClCompile>
    <ClCompile Include="27294.cpp">
      <Filter>소스 파일</Filter>
    </ClCompile>
    <ClCompile Include="14470.cpp">
      <Filter>소스 파일</Filter>
    </ClCompile>
    <ClCompile Include="30017.cpp">
      <Filter>소스 파일</Filter>
    </ClCompile>
    <ClCompile Include="30031.cpp">
      <Filter>소스 파일</Filter>
    </ClCompile>
    <ClCompile Include="7891.cpp">
      <Filter>소스 파일</Filter>
    </ClCompile>
    <ClCompile Include="10103.cpp">
      <Filter>소스 파일</Filter>
    </ClCompile>
    <ClCompile Include="11943.cpp">
      <Filter>소스 파일</Filter>
    </ClCompile>
    <ClCompile Include="18883.cpp">
      <Filter>소스 파일</Filter>
    </ClCompile>
    <ClCompile Include="27890.cpp">
      <Filter>소스 파일</Filter>
    </ClCompile>
    <ClCompile Include="4101.cpp">
      <Filter>소스 파일</Filter>
    </ClCompile>
    <ClCompile Include="13866.cpp">
      <Filter>소스 파일</Filter>
    </ClCompile>
    <ClCompile Include="2845.cpp">
      <Filter>소스 파일</Filter>
    </ClCompile>
    <ClCompile Include="10162.cpp">
      <Filter>소스 파일</Filter>
    </ClCompile>
    <ClCompile Include="17173.cpp">
      <Filter>소스 파일</Filter>
    </ClCompile>
    <ClCompile Include="28235.cpp">
      <Filter>소스 파일</Filter>
    </ClCompile>
    <ClCompile Include="30007.cpp">
      <Filter>소스 파일</Filter>
    </ClCompile>
    <ClCompile Include="23808.cpp">
      <Filter>소스 파일</Filter>
    </ClCompile>
    <ClCompile Include="29725.cpp">
      <Filter>소스 파일</Filter>
    </ClCompile>
    <ClCompile Include="28352.cpp">
      <Filter>소스 파일</Filter>
    </ClCompile>
    <ClCompile Include="28490.cpp">
      <Filter>소스 파일</Filter>
    </ClCompile>
    <ClCompile Include="30394.cpp">
      <Filter>소스 파일</Filter>
    </ClCompile>
    <ClCompile Include="10171.cpp">
      <Filter>소스 파일</Filter>
    </ClCompile>
    <ClCompile Include="14337.cpp">
      <Filter>소스 파일</Filter>
    </ClCompile>
    <ClCompile Include="2903.cpp">
      <Filter>소스 파일</Filter>
    </ClCompile>
    <ClCompile Include="1110.cpp">
      <Filter>소스 파일</Filter>
    </ClCompile>
    <ClCompile Include="5032.cpp">
      <Filter>소스 파일</Filter>
    </ClCompile>
    <ClCompile Include="11719.cpp">
      <Filter>소스 파일</Filter>
    </ClCompile>
    <ClCompile Include="1284.cpp">
      <Filter>소스 파일</Filter>
    </ClCompile>
    <ClCompile Include="10871.cpp">
      <Filter>소스 파일</Filter>
    </ClCompile>
  </ItemGroup>
</Project>